
Microsoft Visual Studio Solution File, Format Version 12.00
# Blend for Visual Studio Version 17
VisualStudioVersion = 17.7.34221.43
MinimumVisualStudioVersion = 10.0.40219.1
Project("{FAE04EC0-301F-11D3-BF4B-00C04F79EFBC}") = "SortClass", "SortClass\SortClass.csproj", "{1F7ADFAC-FDCB-42A4-9AF4-B28CFA159115}"
EndProject
Global
	GlobalSection(SolutionConfigurationPlatforms) = preSolution
		Debug|Any CPU = Debug|Any CPU
		Release|Any CPU = Release|Any CPU
	EndGlobalSection
	GlobalSection(ProjectConfigurationPlatforms) = postSolution
		{1F7ADFAC-FDCB-42A4-9AF4-B28CFA159115}.Debug|Any CPU.ActiveCfg = Debug|Any CPU
		{1F7ADFAC-FDCB-42A4-9AF4-B28CFA159115}.Debug|Any CPU.Build.0 = Debug|Any CPU
		{1F7ADFAC-FDCB-42A4-9AF4-B28CFA159115}.Release|Any CPU.ActiveCfg = Release|Any CPU
		{1F7ADFAC-FDCB-42A4-9AF4-B28CFA159115}.Release|Any CPU.Build.0 = Release|Any CPU
	EndGlobalSection
	GlobalSection(SolutionProperties) = preSolution
		HideSolutionNode = FALSE
	EndGlobalSection
	GlobalSection(ExtensibilityGlobals) = postSolution
		SolutionGuid = {2663EFBC-C45E-4E89-9F21-770AAD8EC186}
	EndGlobalSection
EndGlobal
